// !$*UTF8*$!
{
	archiveVersion = 1;
	classes = {
	};
	objectVersion = 46;
	objects = {

/* Begin PBXBuildFile section */
		804718D71B3F54D600033E3E /* AppDelegate.swift in Sources */ = {isa = PBXBuildFile; fileRef = 804718D61B3F54D600033E3E /* AppDelegate.swift */; };
		804718D91B3F54D600033E3E /* MasterViewController.swift in Sources */ = {isa = PBXBuildFile; fileRef = 804718D81B3F54D600033E3E /* MasterViewController.swift */; };
		804718DE1B3F54D600033E3E /* Main.storyboard in Resources */ = {isa = PBXBuildFile; fileRef = 804718DC1B3F54D600033E3E /* Main.storyboard */; };
		804718E01B3F54D600033E3E /* Images.xcassets in Resources */ = {isa = PBXBuildFile; fileRef = 804718DF1B3F54D600033E3E /* Images.xcassets */; };
		804718E31B3F54D600033E3E /* LaunchScreen.xib in Resources */ = {isa = PBXBuildFile; fileRef = 804718E11B3F54D600033E3E /* LaunchScreen.xib */; };
		804718EF1B3F54D600033E3E /* CoolCollectionsTests.swift in Sources */ = {isa = PBXBuildFile; fileRef = 804718EE1B3F54D600033E3E /* CoolCollectionsTests.swift */; };
		804718FE1B40331C00033E3E /* VariableHeightCVC.swift in Sources */ = {isa = PBXBuildFile; fileRef = 804718FD1B40331C00033E3E /* VariableHeightCVC.swift */; };
		804719021B4034F700033E3E /* Utility.swift in Sources */ = {isa = PBXBuildFile; fileRef = 804719011B4034F700033E3E /* Utility.swift */; };
		804719071B403A0100033E3E /* Rocker.swift in Sources */ = {isa = PBXBuildFile; fileRef = 804719061B403A0100033E3E /* Rocker.swift */; };
		804719091B40415600033E3E /* VariableHeightLayout.swift in Sources */ = {isa = PBXBuildFile; fileRef = 804719081B40415600033E3E /* VariableHeightLayout.swift */; };
		8047190C1B4056B600033E3E /* VariableHeightCell.swift in Sources */ = {isa = PBXBuildFile; fileRef = 8047190A1B4056B600033E3E /* VariableHeightCell.swift */; };
		8047190D1B4056B600033E3E /* VariableHeightCell.xib in Resources */ = {isa = PBXBuildFile; fileRef = 8047190B1B4056B600033E3E /* VariableHeightCell.xib */; };
		804719121B406E3900033E3E /* WheelCVC.swift in Sources */ = {isa = PBXBuildFile; fileRef = 804719111B406E3900033E3E /* WheelCVC.swift */; };
		804719141B4220CC00033E3E /* WheelCell.swift in Sources */ = {isa = PBXBuildFile; fileRef = 804719131B4220CC00033E3E /* WheelCell.swift */; };
		804719161B42232200033E3E /* WheelLayout.swift in Sources */ = {isa = PBXBuildFile; fileRef = 804719151B42232200033E3E /* WheelLayout.swift */; };
		804BC9501B446E5A00B1C946 /* WheelContainerVC.swift in Sources */ = {isa = PBXBuildFile; fileRef = 804BC94F1B446E5A00B1C946 /* WheelContainerVC.swift */; };
		804BC9541B448CE500B1C946 /* WheelConfig.swift in Sources */ = {isa = PBXBuildFile; fileRef = 804BC9531B448CE500B1C946 /* WheelConfig.swift */; };
		80A59DAF1B4DA8AF00F229BB /* CoverFlowVC.swift in Sources */ = {isa = PBXBuildFile; fileRef = 80A59DAE1B4DA8AF00F229BB /* CoverFlowVC.swift */; };
		80A59DB41B4DAAC500F229BB /* CoverFlowCell.swift in Sources */ = {isa = PBXBuildFile; fileRef = 80A59DB21B4DAAC500F229BB /* CoverFlowCell.swift */; };
		80A59DB51B4DAAC500F229BB /* CoverFlowCell.xib in Resources */ = {isa = PBXBuildFile; fileRef = 80A59DB31B4DAAC500F229BB /* CoverFlowCell.xib */; };
		80A59DB71B4DAFF300F229BB /* CoverFlowLayout.swift in Sources */ = {isa = PBXBuildFile; fileRef = 80A59DB61B4DAFF300F229BB /* CoverFlowLayout.swift */; };
		80F445D41B4B88C1002AABDD /* BottomPinnedVHLayout.swift in Sources */ = {isa = PBXBuildFile; fileRef = 80F445D31B4B88C1002AABDD /* BottomPinnedVHLayout.swift */; };
/* End PBXBuildFile section */

/* Begin PBXContainerItemProxy section */
		804718E91B3F54D600033E3E /* PBXContainerItemProxy */ = {
			isa = PBXContainerItemProxy;
			containerPortal = 804718C91B3F54D600033E3E /* Project object */;
			proxyType = 1;
			remoteGlobalIDString = 804718D01B3F54D600033E3E;
			remoteInfo = CoolCollections;
		};
/* End PBXContainerItemProxy section */

/* Begin PBXFileReference section */
		804718D11B3F54D600033E3E /* CoolCollections.app */ = {isa = PBXFileReference; explicitFileType = wrapper.application; includeInIndex = 0; path = CoolCollections.app; sourceTree = BUILT_PRODUCTS_DIR; };
		804718D51B3F54D600033E3E /* Info.plist */ = {isa = PBXFileReference; lastKnownFileType = text.plist.xml; path = Info.plist; sourceTree = "<group>"; };
		804718D61B3F54D600033E3E /* AppDelegate.swift */ = {isa = PBXFileReference; lastKnownFileType = sourcecode.swift; path = AppDelegate.swift; sourceTree = "<group>"; };
		804718D81B3F54D600033E3E /* MasterViewController.swift */ = {isa = PBXFileReference; lastKnownFileType = sourcecode.swift; path = MasterViewController.swift; sourceTree = "<group>"; };
		804718DD1B3F54D600033E3E /* Base */ = {isa = PBXFileReference; lastKnownFileType = file.storyboard; name = Base; path = Base.lproj/Main.storyboard; sourceTree = "<group>"; };
		804718DF1B3F54D600033E3E /* Images.xcassets */ = {isa = PBXFileReference; lastKnownFileType = folder.assetcatalog; path = Images.xcassets; sourceTree = "<group>"; };
		804718E21B3F54D600033E3E /* Base */ = {isa = PBXFileReference; lastKnownFileType = file.xib; name = Base; path = Base.lproj/LaunchScreen.xib; sourceTree = "<group>"; };
		804718E81B3F54D600033E3E /* CoolCollectionsTests.xctest */ = {isa = PBXFileReference; explicitFileType = wrapper.cfbundle; includeInIndex = 0; path = CoolCollectionsTests.xctest; sourceTree = BUILT_PRODUCTS_DIR; };
		804718ED1B3F54D600033E3E /* Info.plist */ = {isa = PBXFileReference; lastKnownFileType = text.plist.xml; path = Info.plist; sourceTree = "<group>"; };
		804718EE1B3F54D600033E3E /* CoolCollectionsTests.swift */ = {isa = PBXFileReference; lastKnownFileType = sourcecode.swift; path = CoolCollectionsTests.swift; sourceTree = "<group>"; };
		804718FD1B40331C00033E3E /* VariableHeightCVC.swift */ = {isa = PBXFileReference; fileEncoding = 4; lastKnownFileType = sourcecode.swift; path = VariableHeightCVC.swift; sourceTree = "<group>"; };
		804719011B4034F700033E3E /* Utility.swift */ = {isa = PBXFileReference; fileEncoding = 4; lastKnownFileType = sourcecode.swift; path = Utility.swift; sourceTree = "<group>"; };
		804719061B403A0100033E3E /* Rocker.swift */ = {isa = PBXFileReference; fileEncoding = 4; lastKnownFileType = sourcecode.swift; path = Rocker.swift; sourceTree = "<group>"; };
		804719081B40415600033E3E /* VariableHeightLayout.swift */ = {isa = PBXFileReference; fileEncoding = 4; lastKnownFileType = sourcecode.swift; path = VariableHeightLayout.swift; sourceTree = "<group>"; };
		8047190A1B4056B600033E3E /* VariableHeightCell.swift */ = {isa = PBXFileReference; fileEncoding = 4; lastKnownFileType = sourcecode.swift; path = VariableHeightCell.swift; sourceTree = "<group>"; };
		8047190B1B4056B600033E3E /* VariableHeightCell.xib */ = {isa = PBXFileReference; fileEncoding = 4; lastKnownFileType = file.xib; path = VariableHeightCell.xib; sourceTree = "<group>"; };
		804719111B406E3900033E3E /* WheelCVC.swift */ = {isa = PBXFileReference; fileEncoding = 4; lastKnownFileType = sourcecode.swift; path = WheelCVC.swift; sourceTree = "<group>"; };
		804719131B4220CC00033E3E /* WheelCell.swift */ = {isa = PBXFileReference; fileEncoding = 4; lastKnownFileType = sourcecode.swift; path = WheelCell.swift; sourceTree = "<group>"; };
		804719151B42232200033E3E /* WheelLayout.swift */ = {isa = PBXFileReference; fileEncoding = 4; lastKnownFileType = sourcecode.swift; path = WheelLayout.swift; sourceTree = "<group>"; };
		804BC94F1B446E5A00B1C946 /* WheelContainerVC.swift */ = {isa = PBXFileReference; fileEncoding = 4; lastKnownFileType = sourcecode.swift; path = WheelContainerVC.swift; sourceTree = "<group>"; };
		804BC9531B448CE500B1C946 /* WheelConfig.swift */ = {isa = PBXFileReference; fileEncoding = 4; lastKnownFileType = sourcecode.swift; path = WheelConfig.swift; sourceTree = "<group>"; };
		80A59DAE1B4DA8AF00F229BB /* CoverFlowVC.swift */ = {isa = PBXFileReference; fileEncoding = 4; lastKnownFileType = sourcecode.swift; path = CoverFlowVC.swift; sourceTree = "<group>"; };
		80A59DB21B4DAAC500F229BB /* CoverFlowCell.swift */ = {isa = PBXFileReference; fileEncoding = 4; lastKnownFileType = sourcecode.swift; path = CoverFlowCell.swift; sourceTree = "<group>"; };
		80A59DB31B4DAAC500F229BB /* CoverFlowCell.xib */ = {isa = PBXFileReference; fileEncoding = 4; lastKnownFileType = file.xib; path = CoverFlowCell.xib; sourceTree = "<group>"; };
		80A59DB61B4DAFF300F229BB /* CoverFlowLayout.swift */ = {isa = PBXFileReference; fileEncoding = 4; lastKnownFileType = sourcecode.swift; path = CoverFlowLayout.swift; sourceTree = "<group>"; };
		80F445D31B4B88C1002AABDD /* BottomPinnedVHLayout.swift */ = {isa = PBXFileReference; fileEncoding = 4; lastKnownFileType = sourcecode.swift; path = BottomPinnedVHLayout.swift; sourceTree = "<group>"; };
/* End PBXFileReference section */

/* Begin PBXFrameworksBuildPhase section */
		804718CE1B3F54D600033E3E /* Frameworks */ = {
			isa = PBXFrameworksBuildPhase;
			buildActionMask = 2147483647;
			files = (
			);
			runOnlyForDeploymentPostprocessing = 0;
		};
		804718E51B3F54D600033E3E /* Frameworks */ = {
			isa = PBXFrameworksBuildPhase;
			buildActionMask = 2147483647;
			files = (
			);
			runOnlyForDeploymentPostprocessing = 0;
		};
/* End PBXFrameworksBuildPhase section */

/* Begin PBXGroup section */
		804718C81B3F54D600033E3E = {
			isa = PBXGroup;
			children = (
				804718D31B3F54D600033E3E /* CoolCollections */,
				804718EB1B3F54D600033E3E /* CoolCollectionsTests */,
				804718D21B3F54D600033E3E /* Products */,
			);
			sourceTree = "<group>";
		};
		804718D21B3F54D600033E3E /* Products */ = {
			isa = PBXGroup;
			children = (
				804718D11B3F54D600033E3E /* CoolCollections.app */,
				804718E81B3F54D600033E3E /* CoolCollectionsTests.xctest */,
			);
			name = Products;
			sourceTree = "<group>";
		};
		804718D31B3F54D600033E3E /* CoolCollections */ = {
			isa = PBXGroup;
			children = (
				804718FF1B4034C500033E3E /* Collections */,
				804719051B40395B00033E3E /* Model */,
				804719001B4034D900033E3E /* Helpers */,
				804718D61B3F54D600033E3E /* AppDelegate.swift */,
				804718D81B3F54D600033E3E /* MasterViewController.swift */,
				804718DC1B3F54D600033E3E /* Main.storyboard */,
				804718DF1B3F54D600033E3E /* Images.xcassets */,
				804718E11B3F54D600033E3E /* LaunchScreen.xib */,
				804718D41B3F54D600033E3E /* Supporting Files */,
			);
			path = CoolCollections;
			sourceTree = "<group>";
		};
		804718D41B3F54D600033E3E /* Supporting Files */ = {
			isa = PBXGroup;
			children = (
				804718D51B3F54D600033E3E /* Info.plist */,
			);
			name = "Supporting Files";
			sourceTree = "<group>";
		};
		804718EB1B3F54D600033E3E /* CoolCollectionsTests */ = {
			isa = PBXGroup;
			children = (
				804718EE1B3F54D600033E3E /* CoolCollectionsTests.swift */,
				804718EC1B3F54D600033E3E /* Supporting Files */,
			);
			path = CoolCollectionsTests;
			sourceTree = "<group>";
		};
		804718EC1B3F54D600033E3E /* Supporting Files */ = {
			isa = PBXGroup;
			children = (
				804718ED1B3F54D600033E3E /* Info.plist */,
			);
			name = "Supporting Files";
			sourceTree = "<group>";
		};
		804718F81B3F669100033E3E /* VariableHeightCollection */ = {
			isa = PBXGroup;
			children = (
				804718FA1B3F66AC00033E3E /* BottomPinned */,
				804718FD1B40331C00033E3E /* VariableHeightCVC.swift */,
				804719081B40415600033E3E /* VariableHeightLayout.swift */,
				8047190A1B4056B600033E3E /* VariableHeightCell.swift */,
				8047190B1B4056B600033E3E /* VariableHeightCell.xib */,
			);
			name = VariableHeightCollection;
			sourceTree = "<group>";
		};
		804718F91B3F66A000033E3E /* WheelCollection */ = {
			isa = PBXGroup;
			children = (
				80F445D21B489065002AABDD /* Contained */,
				804719111B406E3900033E3E /* WheelCVC.swift */,
				804719131B4220CC00033E3E /* WheelCell.swift */,
				804719151B42232200033E3E /* WheelLayout.swift */,
				804BC9531B448CE500B1C946 /* WheelConfig.swift */,
			);
			name = WheelCollection;
			sourceTree = "<group>";
		};
		804718FA1B3F66AC00033E3E /* BottomPinned */ = {
			isa = PBXGroup;
			children = (
				80F445D31B4B88C1002AABDD /* BottomPinnedVHLayout.swift */,
			);
			name = BottomPinned;
			sourceTree = "<group>";
		};
		804718FF1B4034C500033E3E /* Collections */ = {
			isa = PBXGroup;
			children = (
				80A59DAD1B4DA88000F229BB /* CoverFlow */,
				804718F81B3F669100033E3E /* VariableHeightCollection */,
				804718F91B3F66A000033E3E /* WheelCollection */,
			);
			name = Collections;
			sourceTree = "<group>";
		};
		804719001B4034D900033E3E /* Helpers */ = {
			isa = PBXGroup;
			children = (
				804719011B4034F700033E3E /* Utility.swift */,
			);
			name = Helpers;
			sourceTree = "<group>";
		};
		804719051B40395B00033E3E /* Model */ = {
			isa = PBXGroup;
			children = (
				8047190E1B4061E600033E3E /* Photos */,
				804719061B403A0100033E3E /* Rocker.swift */,
			);
			name = Model;
			sourceTree = "<group>";
		};
		8047190E1B4061E600033E3E /* Photos */ = {
			isa = PBXGroup;
			children = (
			);
			name = Photos;
			sourceTree = "<group>";
		};
		80A59DAD1B4DA88000F229BB /* CoverFlow */ = {
			isa = PBXGroup;
			children = (
				80A59DAE1B4DA8AF00F229BB /* CoverFlowVC.swift */,
				80A59DB21B4DAAC500F229BB /* CoverFlowCell.swift */,
				80A59DB31B4DAAC500F229BB /* CoverFlowCell.xib */,
				80A59DB61B4DAFF300F229BB /* CoverFlowLayout.swift */,
			);
			name = CoverFlow;
			sourceTree = "<group>";
		};
		80F445D21B489065002AABDD /* Contained */ = {
			isa = PBXGroup;
			children = (
				804BC94F1B446E5A00B1C946 /* WheelContainerVC.swift */,
			);
			name = Contained;
			sourceTree = "<group>";
		};
/* End PBXGroup section */

/* Begin PBXNativeTarget section */
		804718D01B3F54D600033E3E /* CoolCollections */ = {
			isa = PBXNativeTarget;
			buildConfigurationList = 804718F21B3F54D600033E3E /* Build configuration list for PBXNativeTarget "CoolCollections" */;
			buildPhases = (
				804718CD1B3F54D600033E3E /* Sources */,
				804718CE1B3F54D600033E3E /* Frameworks */,
				804718CF1B3F54D600033E3E /* Resources */,
			);
			buildRules = (
			);
			dependencies = (
			);
			name = CoolCollections;
			productName = CoolCollections;
			productReference = 804718D11B3F54D600033E3E /* CoolCollections.app */;
			productType = "com.apple.product-type.application";
		};
		804718E71B3F54D600033E3E /* CoolCollectionsTests */ = {
			isa = PBXNativeTarget;
			buildConfigurationList = 804718F51B3F54D600033E3E /* Build configuration list for PBXNativeTarget "CoolCollectionsTests" */;
			buildPhases = (
				804718E41B3F54D600033E3E /* Sources */,
				804718E51B3F54D600033E3E /* Frameworks */,
				804718E61B3F54D600033E3E /* Resources */,
			);
			buildRules = (
			);
			dependencies = (
				804718EA1B3F54D600033E3E /* PBXTargetDependency */,
			);
			name = CoolCollectionsTests;
			productName = CoolCollectionsTests;
			productReference = 804718E81B3F54D600033E3E /* CoolCollectionsTests.xctest */;
			productType = "com.apple.product-type.bundle.unit-test";
		};
/* End PBXNativeTarget section */

/* Begin PBXProject section */
		804718C91B3F54D600033E3E /* Project object */ = {
			isa = PBXProject;
			attributes = {
				LastUpgradeCheck = 0630;
				ORGANIZATIONNAME = "Brad Heintz";
				TargetAttributes = {
					804718D01B3F54D600033E3E = {
						CreatedOnToolsVersion = 6.3.2;
						DevelopmentTeam = 5KC28BXEDS;
					};
					804718E71B3F54D600033E3E = {
						CreatedOnToolsVersion = 6.3.2;
						TestTargetID = 804718D01B3F54D600033E3E;
					};
				};
			};
			buildConfigurationList = 804718CC1B3F54D600033E3E /* Build configuration list for PBXProject "CoolCollections" */;
			compatibilityVersion = "Xcode 3.2";
			developmentRegion = English;
			hasScannedForEncodings = 0;
			knownRegions = (
				en,
				Base,
			);
			mainGroup = 804718C81B3F54D600033E3E;
			productRefGroup = 804718D21B3F54D600033E3E /* Products */;
			projectDirPath = "";
			projectRoot = "";
			targets = (
				804718D01B3F54D600033E3E /* CoolCollections */,
				804718E71B3F54D600033E3E /* CoolCollectionsTests */,
			);
		};
/* End PBXProject section */

/* Begin PBXResourcesBuildPhase section */
		804718CF1B3F54D600033E3E /* Resources */ = {
			isa = PBXResourcesBuildPhase;
			buildActionMask = 2147483647;
			files = (
				80A59DB51B4DAAC500F229BB /* CoverFlowCell.xib in Resources */,
				804718DE1B3F54D600033E3E /* Main.storyboard in Resources */,
				804718E31B3F54D600033E3E /* LaunchScreen.xib in Resources */,
				8047190D1B4056B600033E3E /* VariableHeightCell.xib in Resources */,
				804718E01B3F54D600033E3E /* Images.xcassets in Resources */,
			);
			runOnlyForDeploymentPostprocessing = 0;
		};
		804718E61B3F54D600033E3E /* Resources */ = {
			isa = PBXResourcesBuildPhase;
			buildActionMask = 2147483647;
			files = (
			);
			runOnlyForDeploymentPostprocessing = 0;
		};
/* End PBXResourcesBuildPhase section */

/* Begin PBXSourcesBuildPhase section */
		804718CD1B3F54D600033E3E /* Sources */ = {
			isa = PBXSourcesBuildPhase;
			buildActionMask = 2147483647;
			files = (
				804719091B40415600033E3E /* VariableHeightLayout.swift in Sources */,
				80F445D41B4B88C1002AABDD /* BottomPinnedVHLayout.swift in Sources */,
				80A59DAF1B4DA8AF00F229BB /* CoverFlowVC.swift in Sources */,
				804719021B4034F700033E3E /* Utility.swift in Sources */,
				804719121B406E3900033E3E /* WheelCVC.swift in Sources */,
				80A59DB71B4DAFF300F229BB /* CoverFlowLayout.swift in Sources */,
				804719161B42232200033E3E /* WheelLayout.swift in Sources */,
				804718FE1B40331C00033E3E /* VariableHeightCVC.swift in Sources */,
				804719141B4220CC00033E3E /* WheelCell.swift in Sources */,
				80A59DB41B4DAAC500F229BB /* CoverFlowCell.swift in Sources */,
				804718D91B3F54D600033E3E /* MasterViewController.swift in Sources */,
				804BC9541B448CE500B1C946 /* WheelConfig.swift in Sources */,
				8047190C1B4056B600033E3E /* VariableHeightCell.swift in Sources */,
				804BC9501B446E5A00B1C946 /* WheelContainerVC.swift in Sources */,
				804719071B403A0100033E3E /* Rocker.swift in Sources */,
				804718D71B3F54D600033E3E /* AppDelegate.swift in Sources */,
			);
			runOnlyForDeploymentPostprocessing = 0;
		};
		804718E41B3F54D600033E3E /* Sources */ = {
			isa = PBXSourcesBuildPhase;
			buildActionMask = 2147483647;
			files = (
				804718EF1B3F54D600033E3E /* CoolCollectionsTests.swift in Sources */,
			);
			runOnlyForDeploymentPostprocessing = 0;
		};
/* End PBXSourcesBuildPhase section */

/* Begin PBXTargetDependency section */
		804718EA1B3F54D600033E3E /* PBXTargetDependency */ = {
			isa = PBXTargetDependency;
			target = 804718D01B3F54D600033E3E /* CoolCollections */;
			targetProxy = 804718E91B3F54D600033E3E /* PBXContainerItemProxy */;
		};
/* End PBXTargetDependency section */

/* Begin PBXVariantGroup section */
		804718DC1B3F54D600033E3E /* Main.storyboard */ = {
			isa = PBXVariantGroup;
			children = (
				804718DD1B3F54D600033E3E /* Base */,
			);
			name = Main.storyboard;
			sourceTree = "<group>";
		};
		804718E11B3F54D600033E3E /* LaunchScreen.xib */ = {
			isa = PBXVariantGroup;
			children = (
				804718E21B3F54D600033E3E /* Base */,
			);
			name = LaunchScreen.xib;
			sourceTree = "<group>";
		};
/* End PBXVariantGroup section */

/* Begin XCBuildConfiguration section */
		804718F01B3F54D600033E3E /* Debug */ = {
			isa = XCBuildConfiguration;
			buildSettings = {
				ALWAYS_SEARCH_USER_PATHS = NO;
				CLANG_CXX_LANGUAGE_STANDARD = "gnu++0x";
				CLANG_CXX_LIBRARY = "libc++";
				CLANG_ENABLE_MODULES = YES;
				CLANG_ENABLE_OBJC_ARC = YES;
				CLANG_WARN_BOOL_CONVERSION = YES;
				CLANG_WARN_CONSTANT_CONVERSION = YES;
				CLANG_WARN_DIRECT_OBJC_ISA_USAGE = YES_ERROR;
				CLANG_WARN_EMPTY_BODY = YES;
				CLANG_WARN_ENUM_CONVERSION = YES;
				CLANG_WARN_INT_CONVERSION = YES;
				CLANG_WARN_OBJC_ROOT_CLASS = YES_ERROR;
				CLANG_WARN_UNREACHABLE_CODE = YES;
				CLANG_WARN__DUPLICATE_METHOD_MATCH = YES;
				"CODE_SIGN_IDENTITY[sdk=iphoneos*]" = "iPhone Developer";
				COPY_PHASE_STRIP = NO;
				DEBUG_INFORMATION_FORMAT = "dwarf-with-dsym";
				ENABLE_STRICT_OBJC_MSGSEND = YES;
				GCC_C_LANGUAGE_STANDARD = gnu99;
				GCC_DYNAMIC_NO_PIC = NO;
				GCC_NO_COMMON_BLOCKS = YES;
				GCC_OPTIMIZATION_LEVEL = 0;
				GCC_PREPROCESSOR_DEFINITIONS = (
					"DEBUG=1",
					"$(inherited)",
				);
				GCC_SYMBOLS_PRIVATE_EXTERN = NO;
				GCC_WARN_64_TO_32_BIT_CONVERSION = YES;
				GCC_WARN_ABOUT_RETURN_TYPE = YES_ERROR;
				GCC_WARN_UNDECLARED_SELECTOR = YES;
				GCC_WARN_UNINITIALIZED_AUTOS = YES_AGGRESSIVE;
				GCC_WARN_UNUSED_FUNCTION = YES;
				GCC_WARN_UNUSED_VARIABLE = YES;
				IPHONEOS_DEPLOYMENT_TARGET = 8.3;
				MTL_ENABLE_DEBUG_INFO = YES;
				ONLY_ACTIVE_ARCH = YES;
				SDKROOT = iphoneos;
				SWIFT_OPTIMIZATION_LEVEL = "-Onone";
			};
			name = Debug;
		};
		804718F11B3F54D600033E3E /* Release */ = {
			isa = XCBuildConfiguration;
			buildSettings = {
				ALWAYS_SEARCH_USER_PATHS = NO;
				CLANG_CXX_LANGUAGE_STANDARD = "gnu++0x";
				CLANG_CXX_LIBRARY = "libc++";
				CLANG_ENABLE_MODULES = YES;
				CLANG_ENABLE_OBJC_ARC = YES;
				CLANG_WARN_BOOL_CONVERSION = YES;
				CLANG_WARN_CONSTANT_CONVERSION = YES;
				CLANG_WARN_DIRECT_OBJC_ISA_USAGE = YES_ERROR;
				CLANG_WARN_EMPTY_BODY = YES;
				CLANG_WARN_ENUM_CONVERSION = YES;
				CLANG_WARN_INT_CONVERSION = YES;
				CLANG_WARN_OBJC_ROOT_CLASS = YES_ERROR;
				CLANG_WARN_UNREACHABLE_CODE = YES;
				CLANG_WARN__DUPLICATE_METHOD_MATCH = YES;
				"CODE_SIGN_IDENTITY[sdk=iphoneos*]" = "iPhone Developer";
				COPY_PHASE_STRIP = NO;
				DEBUG_INFORMATION_FORMAT = "dwarf-with-dsym";
				ENABLE_NS_ASSERTIONS = NO;
				ENABLE_STRICT_OBJC_MSGSEND = YES;
				GCC_C_LANGUAGE_STANDARD = gnu99;
				GCC_NO_COMMON_BLOCKS = YES;
				GCC_WARN_64_TO_32_BIT_CONVERSION = YES;
				GCC_WARN_ABOUT_RETURN_TYPE = YES_ERROR;
				GCC_WARN_UNDECLARED_SELECTOR = YES;
				GCC_WARN_UNINITIALIZED_AUTOS = YES_AGGRESSIVE;
				GCC_WARN_UNUSED_FUNCTION = YES;
				GCC_WARN_UNUSED_VARIABLE = YES;
				IPHONEOS_DEPLOYMENT_TARGET = 8.3;
				MTL_ENABLE_DEBUG_INFO = NO;
				SDKROOT = iphoneos;
				VALIDATE_PRODUCT = YES;
			};
			name = Release;
		};
		804718F31B3F54D600033E3E /* Debug */ = {
			isa = XCBuildConfiguration;
			buildSettings = {
				ASSETCATALOG_COMPILER_APPICON_NAME = AppIcon;
				CODE_SIGN_IDENTITY = "iPhone Developer";
				INFOPLIST_FILE = CoolCollections/Info.plist;
				LD_RUNPATH_SEARCH_PATHS = "$(inherited) @executable_path/Frameworks";
				PRODUCT_NAME = "$(TARGET_NAME)";
			};
			name = Debug;
		};
		804718F41B3F54D600033E3E /* Release */ = {
			isa = XCBuildConfiguration;
			buildSettings = {
				ASSETCATALOG_COMPILER_APPICON_NAME = AppIcon;
				CODE_SIGN_IDENTITY = "iPhone Developer";
				INFOPLIST_FILE = CoolCollections/Info.plist;
				LD_RUNPATH_SEARCH_PATHS = "$(inherited) @executable_path/Frameworks";
				PRODUCT_NAME = "$(TARGET_NAME)";
			};
			name = Release;
		};
		804718F61B3F54D600033E3E /* Debug */ = {
			isa = XCBuildConfiguration;
			buildSettings = {
				BUNDLE_LOADER = "$(TEST_HOST)";
				FRAMEWORK_SEARCH_PATHS = (
					"$(SDKROOT)/Developer/Library/Frameworks",
					"$(inherited)",
				);
				GCC_PREPROCESSOR_DEFINITIONS = (
					"DEBUG=1",
					"$(inherited)",
				);
				INFOPLIST_FILE = CoolCollectionsTests/Info.plist;
				LD_RUNPATH_SEARCH_PATHS = "$(inherited) @executable_path/Frameworks @loader_path/Frameworks";
				PRODUCT_NAME = "$(TARGET_NAME)";
				TEST_HOST = "$(BUILT_PRODUCTS_DIR)/CoolCollections.app/CoolCollections";
			};
			name = Debug;
		};
		804718F71B3F54D600033E3E /* Release */ = {
			isa = XCBuildConfiguration;
			buildSettings = {
				BUNDLE_LOADER = "$(TEST_HOST)";
				FRAMEWORK_SEARCH_PATHS = (
					"$(SDKROOT)/Developer/Library/Frameworks",
					"$(inherited)",
				);
				INFOPLIST_FILE = CoolCollectionsTests/Info.plist;
				LD_RUNPATH_SEARCH_PATHS = "$(inherited) @executable_path/Frameworks @loader_path/Frameworks";
				PRODUCT_NAME = "$(TARGET_NAME)";
				TEST_HOST = "$(BUILT_PRODUCTS_DIR)/CoolCollections.app/CoolCollections";
			};
			name = Release;
		};
/* End XCBuildConfiguration section */

/* Begin XCConfigurationList section */
		804718CC1B3F54D600033E3E /* Build configuration list for PBXProject "CoolCollections" */ = {
			isa = XCConfigurationList;
			buildConfigurations = (
				804718F01B3F54D600033E3E /* Debug */,
				804718F11B3F54D600033E3E /* Release */,
			);
			defaultConfigurationIsVisible = 0;
			defaultConfigurationName = Release;
		};
		804718F21B3F54D600033E3E /* Build configuration list for PBXNativeTarget "CoolCollections" */ = {
			isa = XCConfigurationList;
			buildConfigurations = (
				804718F31B3F54D600033E3E /* Debug */,
				804718F41B3F54D600033E3E /* Release */,
			);
			defaultConfigurationIsVisible = 0;
			defaultConfigurationName = Release;
		};
		804718F51B3F54D600033E3E /* Build configuration list for PBXNativeTarget "CoolCollectionsTests" */ = {
			isa = XCConfigurationList;
			buildConfigurations = (
				804718F61B3F54D600033E3E /* Debug */,
				804718F71B3F54D600033E3E /* Release */,
			);
			defaultConfigurationIsVisible = 0;
			defaultConfigurationName = Release;
		};
/* End XCConfigurationList section */
	};
	rootObject = 804718C91B3F54D600033E3E /* Project object */;
}
